
Microsoft Visual Studio Solution File, Format Version 12.00
# Visual Studio 15
VisualStudioVersion = 15.0.26124.0
MinimumVisualStudioVersion = 15.0.26124.0
Project("{FAE04EC0-301F-11D3-BF4B-00C04F79EFBC}") = "LeBataillon.Web", "LeBataillon.Web\LeBataillon.Web.csproj", "{0C438BC2-B824-4ACD-A79B-8F3CD4657204}"
EndProject
Project("{FAE04EC0-301F-11D3-BF4B-00C04F79EFBC}") = "LeBataillon.Database", "LeBataillon.Database\LeBataillon.Database.csproj", "{B28A38E3-1288-4AD3-A5FE-288DED08DABE}"
EndProject
Project("{FAE04EC0-301F-11D3-BF4B-00C04F79EFBC}") = "LeBataillon.Test", "LeBataillon.Test\LeBataillon.Test.csproj", "{8577DDDE-D376-4039-BFA6-43BB8FFC7505}"
EndProject
Global
	GlobalSection(SolutionConfigurationPlatforms) = preSolution
		Debug|Any CPU = Debug|Any CPU
		Debug|x64 = Debug|x64
		Debug|x86 = Debug|x86
		Release|Any CPU = Release|Any CPU
		Release|x64 = Release|x64
		Release|x86 = Release|x86
	EndGlobalSection
	GlobalSection(SolutionProperties) = preSolution
		HideSolutionNode = FALSE
	EndGlobalSection
	GlobalSection(ProjectConfigurationPlatforms) = postSolution
		{0C438BC2-B824-4ACD-A79B-8F3CD4657204}.Debug|Any CPU.ActiveCfg = Debug|Any CPU
		{0C438BC2-B824-4ACD-A79B-8F3CD4657204}.Debug|Any CPU.Build.0 = Debug|Any CPU
		{0C438BC2-B824-4ACD-A79B-8F3CD4657204}.Debug|x64.ActiveCfg = Debug|Any CPU
		{0C438BC2-B824-4ACD-A79B-8F3CD4657204}.Debug|x64.Build.0 = Debug|Any CPU
		{0C438BC2-B824-4ACD-A79B-8F3CD4657204}.Debug|x86.ActiveCfg = Debug|Any CPU
		{0C438BC2-B824-4ACD-A79B-8F3CD4657204}.Debug|x86.Build.0 = Debug|Any CPU
		{0C438BC2-B824-4ACD-A79B-8F3CD4657204}.Release|Any CPU.ActiveCfg = Release|Any CPU
		{0C438BC2-B824-4ACD-A79B-8F3CD4657204}.Release|Any CPU.Build.0 = Release|Any CPU
		{0C438BC2-B824-4ACD-A79B-8F3CD4657204}.Release|x64.ActiveCfg = Release|Any CPU
		{0C438BC2-B824-4ACD-A79B-8F3CD4657204}.Release|x64.Build.0 = Release|Any CPU
		{0C438BC2-B824-4ACD-A79B-8F3CD4657204}.Release|x86.ActiveCfg = Release|Any CPU
		{0C438BC2-B824-4ACD-A79B-8F3CD4657204}.Release|x86.Build.0 = Release|Any CPU
		{B28A38E3-1288-4AD3-A5FE-288DED08DABE}.Debug|Any CPU.ActiveCfg = Debug|Any CPU
		{B28A38E3-1288-4AD3-A5FE-288DED08DABE}.Debug|Any CPU.Build.0 = Debug|Any CPU
		{B28A38E3-1288-4AD3-A5FE-288DED08DABE}.Debug|x64.ActiveCfg = Debug|Any CPU
		{B28A38E3-1288-4AD3-A5FE-288DED08DABE}.Debug|x64.Build.0 = Debug|Any CPU
		{B28A38E3-1288-4AD3-A5FE-288DED08DABE}.Debug|x86.ActiveCfg = Debug|Any CPU
		{B28A38E3-1288-4AD3-A5FE-288DED08DABE}.Debug|x86.Build.0 = Debug|Any CPU
		{B28A38E3-1288-4AD3-A5FE-288DED08DABE}.Release|Any CPU.ActiveCfg = Release|Any CPU
		{B28A38E3-1288-4AD3-A5FE-288DED08DABE}.Release|Any CPU.Build.0 = Release|Any CPU
		{B28A38E3-1288-4AD3-A5FE-288DED08DABE}.Release|x64.ActiveCfg = Release|Any CPU
		{B28A38E3-1288-4AD3-A5FE-288DED08DABE}.Release|x64.Build.0 = Release|Any CPU
		{B28A38E3-1288-4AD3-A5FE-288DED08DABE}.Release|x86.ActiveCfg = Release|Any CPU
		{B28A38E3-1288-4AD3-A5FE-288DED08DABE}.Release|x86.Build.0 = Release|Any CPU
		{8577DDDE-D376-4039-BFA6-43BB8FFC7505}.Debug|Any CPU.ActiveCfg = Debug|Any CPU
		{8577DDDE-D376-4039-BFA6-43BB8FFC7505}.Debug|Any CPU.Build.0 = Debug|Any CPU
		{8577DDDE-D376-4039-BFA6-43BB8FFC7505}.Debug|x64.ActiveCfg = Debug|Any CPU
		{8577DDDE-D376-4039-BFA6-43BB8FFC7505}.Debug|x64.Build.0 = Debug|Any CPU
		{8577DDDE-D376-4039-BFA6-43BB8FFC7505}.Debug|x86.ActiveCfg = Debug|Any CPU
		{8577DDDE-D376-4039-BFA6-43BB8FFC7505}.Debug|x86.Build.0 = Debug|Any CPU
		{8577DDDE-D376-4039-BFA6-43BB8FFC7505}.Release|Any CPU.ActiveCfg = Release|Any CPU
		{8577DDDE-D376-4039-BFA6-43BB8FFC7505}.Release|Any CPU.Build.0 = Release|Any CPU
		{8577DDDE-D376-4039-BFA6-43BB8FFC7505}.Release|x64.ActiveCfg = Release|Any CPU
		{8577DDDE-D376-4039-BFA6-43BB8FFC7505}.Release|x64.Build.0 = Release|Any CPU
		{8577DDDE-D376-4039-BFA6-43BB8FFC7505}.Release|x86.ActiveCfg = Release|Any CPU
		{8577DDDE-D376-4039-BFA6-43BB8FFC7505}.Release|x86.Build.0 = Release|Any CPU
	EndGlobalSection
EndGlobal
